<?xml version="1.0" encoding="utf-8"?>
<Project ToolsVersion="4.0" xmlns="http://schemas.microsoft.com/developer/msbuild/2003">
  <ItemGroup>
    <Filter Include="Source Files">
      <UniqueIdentifier>{4FC737F1-C7A5-4376-A066-2A32D752A2FF}</UniqueIdentifier>
      <Extensions>cpp;c;cc;cxx;def;odl;idl;hpj;bat;asm;asmx</Extensions>
    </Filter>
    <Filter Include="Header Files">
      <UniqueIdentifier>{93995380-89BD-4b04-88EB-625FBE52EBFB}</UniqueIdentifier>
      <Extensions>h;hpp;hxx;hm;inl;inc;xsd</Extensions>
    </Filter>
    <Filter Include="Resource Files">
      <UniqueIdentifier>{67DA6AB6-F800-4c08-8B7A-83BB121AAD01}</UniqueIdentifier>
      <Extensions>rc;ico;cur;bmp;dlg;rc2;rct;bin;rgs;gif;jpg;jpeg;jpe;resx;tiff;tif;png;wav;mfcribbon-ms</Extensions>
    </Filter>
    <Filter Include="Source Files\rdtsc">
      <UniqueIdentifier>{b7f19b28-7a95-480e-9ac4-c0859b859009}</UniqueIdentifier>
    </Filter>
    <Filter Include="Header Files\rdtsc">
      <UniqueIdentifier>{b73d5c4f-d352-4736-b43b-a589c3c0fe9b}</UniqueIdentifier>
    </Filter>
    <Filter Include="Source Files\rdtsc\i386">
      <UniqueIdentifier>{4862b8bf-eb04-4a2e-b2ac-8aeea38a40cc}</UniqueIdentifier>
    </Filter>
    <Filter Include="Source Files\rdtsc\amd64">
      <UniqueIdentifier>{140d01e0-ad90-46c3-88b5-39caccfa1231}</UniqueIdentifier>
    </Filter>
    <Filter Include="Header Files\hook">
      <UniqueIdentifier>{ee7ba292-ce06-46a0-ad06-6cf6de881a06}</UniqueIdentifier>
    </Filter>
    <Filter Include="Source Files\hook">
      <UniqueIdentifier>{9d769560-2ff7-42f2-a69a-a55e395bc4a1}</UniqueIdentifier>
    </Filter>
    <Filter Include="Header Files\nt">
      <UniqueIdentifier>{b97aede4-654e-45e8-b4f1-88b22d679b81}</UniqueIdentifier>
    </Filter>
  </ItemGroup>
  <ItemGroup>
    <ClCompile Include="dispatch.c">
      <Filter>Source Files</Filter>
    </ClCompile>
    <ClCompile Include="entry.c">
      <Filter>Source Files</Filter>
    </ClCompile>
    <ClCompile Include="rdtsc\rdtscemu.c">
      <Filter>Source Files\rdtsc</Filter>
    </ClCompile>
    <ClCompile Include="rdtsc\rdtscemup.c">
      <Filter>Source Files\rdtsc</Filter>
    </ClCompile>
    <ClCompile Include="hook\hook.c">
      <Filter>Source Files\hook</Filter>
    </ClCompile>
    <ClCompile Include="memory.c">
      <Filter>Source Files</Filter>
    </ClCompile>
    <ClCompile Include="image.c">
      <Filter>Source Files</Filter>
    </ClCompile>
    <ClCompile Include="hook\hookp.c">
      <Filter>Source Files\hook</Filter>
    </ClCompile>
  </ItemGroup>
  <ItemGroup>
    <ClInclude Include="dispatch.h">
      <Filter>Header Files</Filter>
    </ClInclude>
    <ClInclude Include="entry.h">
      <Filter>Header Files</Filter>
    </ClInclude>
    <ClInclude Include="rdtsc\rdtscemu.h">
      <Filter>Header Files\rdtsc</Filter>
    </ClInclude>
    <ClInclude Include="hook\hook.h">
      <Filter>Header Files\hook</Filter>
    </ClInclude>
    <ClInclude Include="nt\ntinternal.h">
      <Filter>Header Files\nt</Filter>
    </ClInclude>
    <ClInclude Include="memory.h">
      <Filter>Header Files</Filter>
    </ClInclude>
    <ClInclude Include="image.h">
      <Filter>Header Files</Filter>
    </ClInclude>
    <ClInclude Include="nt\ntapi.h">
      <Filter>Header Files\nt</Filter>
    </ClInclude>
    <ClInclude Include="nt\rtlapi.h">
      <Filter>Header Files\nt</Filter>
    </ClInclude>
  </ItemGroup>
  <ItemGroup>
    <None Include="rdtsc\amd64\common.inc">
      <Filter>Source Files\rdtsc\amd64</Filter>
    </None>
    <None Include="rdtsc\i386\common.inc">
      <Filter>Source Files\rdtsc\i386</Filter>
    </None>
  </ItemGroup>
  <ItemGroup>
    <MASM Include="rdtsc\amd64\trap.asm">
      <Filter>Source Files\rdtsc\amd64</Filter>
    </MASM>
    <MASM Include="rdtsc\i386\trap.asm">
      <Filter>Source Files\rdtsc\i386</Filter>
    </MASM>
  </ItemGroup>
</Project>