<?xml version="1.0" encoding="utf-8"?>
<Project ToolsVersion="4.0" xmlns="http://schemas.microsoft.com/developer/msbuild/2003">
  <ItemGroup>
    <Filter Include="Source Files">
      <UniqueIdentifier>{4FC737F1-C7A5-4376-A066-2A32D752A2FF}</UniqueIdentifier>
      <Extensions>cpp;c;cc;cxx;def;odl;idl;hpj;bat;asm;asmx</Extensions>
    </Filter>
    <Filter Include="Header Files">
      <UniqueIdentifier>{93995380-89BD-4b04-88EB-625FBE52EBFB}</UniqueIdentifier>
      <Extensions>h;hpp;hxx;hm;inl;inc;xsd</Extensions>
    </Filter>
    <Filter Include="Resource Files">
      <UniqueIdentifier>{67DA6AB6-F800-4c08-8B7A-83BB121AAD01}</UniqueIdentifier>
      <Extensions>rc;ico;cur;bmp;dlg;rc2;rct;bin;rgs;gif;jpg;jpeg;jpe;resx;tiff;tif;png;wav;mfcribbon-ms</Extensions>
    </Filter>
    <Filter Include="Header Files\nt">
      <UniqueIdentifier>{b97aede4-654e-45e8-b4f1-88b22d679b81}</UniqueIdentifier>
    </Filter>
    <Filter Include="Header Files\device">
      <UniqueIdentifier>{6c3c6050-df8b-48a2-afa9-c9b04b426050}</UniqueIdentifier>
    </Filter>
    <Filter Include="Source Files\device">
      <UniqueIdentifier>{e76a07e0-80c5-4129-89eb-43b328d4d1ae}</UniqueIdentifier>
    </Filter>
    <Filter Include="Header Files\utils">
      <UniqueIdentifier>{0a268575-3a12-4723-8053-c0d2772a09bf}</UniqueIdentifier>
    </Filter>
    <Filter Include="Source Files\utils">
      <UniqueIdentifier>{0ebca9d0-6bde-4191-9297-b8d2384fbae6}</UniqueIdentifier>
    </Filter>
    <Filter Include="Source Files\patch">
      <UniqueIdentifier>{99ef07b7-e30c-44a6-ae87-fbd9a4dc566a}</UniqueIdentifier>
    </Filter>
    <Filter Include="Header Files\patch">
      <UniqueIdentifier>{2519c62f-dcb6-411f-b1e6-cf2194d5a4d5}</UniqueIdentifier>
    </Filter>
    <Filter Include="Source Files\device\hookdef">
      <UniqueIdentifier>{f42169f9-c5dd-4c24-b3f8-1a6880879af7}</UniqueIdentifier>
    </Filter>
  </ItemGroup>
  <ItemGroup>
    <ClCompile Include="entry.c">
      <Filter>Source Files</Filter>
    </ClCompile>
    <ClCompile Include="utils\image.c">
      <Filter>Source Files\utils</Filter>
    </ClCompile>
    <ClCompile Include="utils\memory.c">
      <Filter>Source Files\utils</Filter>
    </ClCompile>
    <ClCompile Include="device\device.c">
      <Filter>Source Files\device</Filter>
    </ClCompile>
    <ClCompile Include="device\csq.c">
      <Filter>Source Files\device</Filter>
    </ClCompile>
    <ClCompile Include="device\queue.c">
      <Filter>Source Files\device</Filter>
    </ClCompile>
    <ClCompile Include="device\hook.c">
      <Filter>Source Files\device</Filter>
    </ClCompile>
    <ClCompile Include="patch\patch.c">
      <Filter>Source Files\patch</Filter>
    </ClCompile>
    <ClCompile Include="device\event.c">
      <Filter>Source Files\device</Filter>
    </ClCompile>
    <ClCompile Include="utils\process.c">
      <Filter>Source Files\utils</Filter>
    </ClCompile>
  </ItemGroup>
  <ItemGroup>
    <ClInclude Include="entry.h">
      <Filter>Header Files</Filter>
    </ClInclude>
    <ClInclude Include="nt\ntapi.h">
      <Filter>Header Files\nt</Filter>
    </ClInclude>
    <ClInclude Include="nt\rtlapi.h">
      <Filter>Header Files\nt</Filter>
    </ClInclude>
    <ClInclude Include="utils\memory.h">
      <Filter>Header Files\utils</Filter>
    </ClInclude>
    <ClInclude Include="utils\image.h">
      <Filter>Header Files\utils</Filter>
    </ClInclude>
    <ClInclude Include="device\device.h">
      <Filter>Header Files\device</Filter>
    </ClInclude>
    <ClInclude Include="device\csq.h">
      <Filter>Header Files\device</Filter>
    </ClInclude>
    <ClInclude Include="device\hook.h">
      <Filter>Header Files\device</Filter>
    </ClInclude>
    <ClInclude Include="device\queue.h">
      <Filter>Header Files\device</Filter>
    </ClInclude>
    <ClInclude Include="nt\psapi.h">
      <Filter>Header Files\nt</Filter>
    </ClInclude>
    <ClInclude Include="patch\patch.h">
      <Filter>Header Files\patch</Filter>
    </ClInclude>
    <ClInclude Include="device\event.h">
      <Filter>Header Files\device</Filter>
    </ClInclude>
    <ClInclude Include="nt\mmapi.h">
      <Filter>Header Files\nt</Filter>
    </ClInclude>
    <ClInclude Include="utils\process.h">
      <Filter>Header Files\utils</Filter>
    </ClInclude>
  </ItemGroup>
  <ItemGroup>
    <Text Include="rules.txt" />
    <Text Include="packets.txt" />
  </ItemGroup>
  <ItemGroup>
    <None Include="device\hookdef\hook_ntstatus.inl">
      <Filter>Source Files\device\hookdef</Filter>
    </None>
    <None Include="device\hookdef\hook_enum.inl">
      <Filter>Source Files\device\hookdef</Filter>
    </None>
    <None Include="device\hookdef\hook_function.inl">
      <Filter>Source Files\device\hookdef</Filter>
    </None>
  </ItemGroup>
</Project>