<?xml version="1.0" encoding="utf-8"?>
<Project ToolsVersion="4.0" xmlns="http://schemas.microsoft.com/developer/msbuild/2003">
  <ItemGroup>
    <Filter Include="Source Files">
      <UniqueIdentifier>{4FC737F1-C7A5-4376-A066-2A32D752A2FF}</UniqueIdentifier>
      <Extensions>cpp;c;cc;cxx;def;odl;idl;hpj;bat;asm;asmx</Extensions>
    </Filter>
    <Filter Include="Header Files">
      <UniqueIdentifier>{93995380-89BD-4b04-88EB-625FBE52EBFB}</UniqueIdentifier>
      <Extensions>h;hpp;hxx;hm;inl;inc;xsd</Extensions>
    </Filter>
    <Filter Include="Resource Files">
      <UniqueIdentifier>{67DA6AB6-F800-4c08-8B7A-83BB121AAD01}</UniqueIdentifier>
      <Extensions>rc;ico;cur;bmp;dlg;rc2;rct;bin;rgs;gif;jpg;jpeg;jpe;resx;tiff;tif;png;wav;mfcribbon-ms</Extensions>
    </Filter>
    <Filter Include="Source Files\i386">
      <UniqueIdentifier>{8407f6c8-7d87-4280-9cd2-1d4e0b1b6a1a}</UniqueIdentifier>
    </Filter>
    <Filter Include="Source Files\amd64">
      <UniqueIdentifier>{954fbf72-c47e-4069-9ade-92bc2bd58cdc}</UniqueIdentifier>
    </Filter>
  </ItemGroup>
  <ItemGroup>
    <ClCompile Include="dispatch.c">
      <Filter>Source Files</Filter>
    </ClCompile>
    <ClCompile Include="entry.c">
      <Filter>Source Files</Filter>
    </ClCompile>
    <ClCompile Include="ntinternal.c">
      <Filter>Source Files</Filter>
    </ClCompile>
    <ClCompile Include="rdtscemup.c">
      <Filter>Source Files</Filter>
    </ClCompile>
    <ClCompile Include="rdtscemu.c">
      <Filter>Source Files</Filter>
    </ClCompile>
  </ItemGroup>
  <ItemGroup>
    <ClInclude Include="dispatch.h">
      <Filter>Header Files</Filter>
    </ClInclude>
    <ClInclude Include="entry.h">
      <Filter>Header Files</Filter>
    </ClInclude>
    <ClInclude Include="rdtscemu.h">
      <Filter>Header Files</Filter>
    </ClInclude>
    <ClInclude Include="ntinternal.h">
      <Filter>Header Files</Filter>
    </ClInclude>
  </ItemGroup>
  <ItemGroup>
    <MASM Include="i386\trap.asm">
      <Filter>Source Files\i386</Filter>
    </MASM>
    <MASM Include="amd64\trap.asm">
      <Filter>Source Files\amd64</Filter>
    </MASM>
  </ItemGroup>
  <ItemGroup>
    <None Include="i386\common.inc">
      <Filter>Source Files\i386</Filter>
    </None>
    <None Include="amd64\common.inc">
      <Filter>Source Files\amd64</Filter>
    </None>
  </ItemGroup>
</Project>